Microsoft Visual Studio Solution File, Format Version 11.00
# Visual Studio 2010
Project("{8BC9CEB8-8B4A-11D0-8D11-00A0C91BC942}") = "ALL_BUILD", "ALL_BUILD.vcxproj", "{2F882CF6-02AA-49A3-93A6-C2E4543B19B2}"
	ProjectSection(ProjectDependencies) = postProject
		{39F8B4C4-F8AC-4571-B9AB-0E2EC001AA2E} = {39F8B4C4-F8AC-4571-B9AB-0E2EC001AA2E}
		{A6A9E1CC-CBEF-46D5-A487-64364BF12579} = {A6A9E1CC-CBEF-46D5-A487-64364BF12579}
		{42E00143-20C1-41A9-AF0E-F7E2C5F91749} = {42E00143-20C1-41A9-AF0E-F7E2C5F91749}
		{BB82E9C1-0569-4CB6-AC1A-E90BB09E0671} = {BB82E9C1-0569-4CB6-AC1A-E90BB09E0671}
		{3ACEA264-4704-41D3-9BAA-05AD831268EC} = {3ACEA264-4704-41D3-9BAA-05AD831268EC}
		{D2F68F63-5DBD-4149-95B7-B19321E0300C} = {D2F68F63-5DBD-4149-95B7-B19321E0300C}
	EndProjectSection
EndProject
Project("{8BC9CEB8-8B4A-11D0-8D11-00A0C91BC942}") = "INSTALL", "INSTALL.vcxproj", "{F07ED81D-4870-431A-BB44-A258A24F3D51}"
	ProjectSection(ProjectDependencies) = postProject
		{2F882CF6-02AA-49A3-93A6-C2E4543B19B2} = {2F882CF6-02AA-49A3-93A6-C2E4543B19B2}
	EndProjectSection
EndProject
Project("{8BC9CEB8-8B4A-11D0-8D11-00A0C91BC942}") = "ZERO_CHECK", "ZERO_CHECK.vcxproj", "{39F8B4C4-F8AC-4571-B9AB-0E2EC001AA2E}"
	ProjectSection(ProjectDependencies) = postProject
	EndProjectSection
EndProject
Project("{8BC9CEB8-8B4A-11D0-8D11-00A0C91BC942}") = "libmosquitto", "lib\libmosquitto.vcxproj", "{A6A9E1CC-CBEF-46D5-A487-64364BF12579}"
	ProjectSection(ProjectDependencies) = postProject
		{39F8B4C4-F8AC-4571-B9AB-0E2EC001AA2E} = {39F8B4C4-F8AC-4571-B9AB-0E2EC001AA2E}
	EndProjectSection
EndProject
Project("{8BC9CEB8-8B4A-11D0-8D11-00A0C91BC942}") = "mosquitto", "src\mosquitto.vcxproj", "{42E00143-20C1-41A9-AF0E-F7E2C5F91749}"
	ProjectSection(ProjectDependencies) = postProject
		{39F8B4C4-F8AC-4571-B9AB-0E2EC001AA2E} = {39F8B4C4-F8AC-4571-B9AB-0E2EC001AA2E}
	EndProjectSection
EndProject
Project("{8BC9CEB8-8B4A-11D0-8D11-00A0C91BC942}") = "mosquitto_pub", "client\mosquitto_pub.vcxproj", "{BB82E9C1-0569-4CB6-AC1A-E90BB09E0671}"
	ProjectSection(ProjectDependencies) = postProject
		{39F8B4C4-F8AC-4571-B9AB-0E2EC001AA2E} = {39F8B4C4-F8AC-4571-B9AB-0E2EC001AA2E}
		{A6A9E1CC-CBEF-46D5-A487-64364BF12579} = {A6A9E1CC-CBEF-46D5-A487-64364BF12579}
	EndProjectSection
EndProject
Project("{8BC9CEB8-8B4A-11D0-8D11-00A0C91BC942}") = "mosquitto_sub", "client\mosquitto_sub.vcxproj", "{3ACEA264-4704-41D3-9BAA-05AD831268EC}"
	ProjectSection(ProjectDependencies) = postProject
		{39F8B4C4-F8AC-4571-B9AB-0E2EC001AA2E} = {39F8B4C4-F8AC-4571-B9AB-0E2EC001AA2E}
		{A6A9E1CC-CBEF-46D5-A487-64364BF12579} = {A6A9E1CC-CBEF-46D5-A487-64364BF12579}
	EndProjectSection
EndProject
Project("{8BC9CEB8-8B4A-11D0-8D11-00A0C91BC942}") = "mosquittopp", "lib\cpp\mosquittopp.vcxproj", "{D2F68F63-5DBD-4149-95B7-B19321E0300C}"
	ProjectSection(ProjectDependencies) = postProject
		{39F8B4C4-F8AC-4571-B9AB-0E2EC001AA2E} = {39F8B4C4-F8AC-4571-B9AB-0E2EC001AA2E}
		{A6A9E1CC-CBEF-46D5-A487-64364BF12579} = {A6A9E1CC-CBEF-46D5-A487-64364BF12579}
	EndProjectSection
EndProject
Global
	GlobalSection(SolutionConfigurationPlatforms) = preSolution
		Debug|Win32 = Debug|Win32
		Release|Win32 = Release|Win32
		MinSizeRel|Win32 = MinSizeRel|Win32
		RelWithDebInfo|Win32 = RelWithDebInfo|Win32
	EndGlobalSection
	GlobalSection(ProjectConfigurationPlatforms) = postSolution
		{2F882CF6-02AA-49A3-93A6-C2E4543B19B2}.Debug|Win32.ActiveCfg = Debug|Win32
		{2F882CF6-02AA-49A3-93A6-C2E4543B19B2}.Debug|Win32.Build.0 = Debug|Win32
		{2F882CF6-02AA-49A3-93A6-C2E4543B19B2}.Release|Win32.ActiveCfg = Release|Win32
		{2F882CF6-02AA-49A3-93A6-C2E4543B19B2}.Release|Win32.Build.0 = Release|Win32
		{2F882CF6-02AA-49A3-93A6-C2E4543B19B2}.MinSizeRel|Win32.ActiveCfg = MinSizeRel|Win32
		{2F882CF6-02AA-49A3-93A6-C2E4543B19B2}.MinSizeRel|Win32.Build.0 = MinSizeRel|Win32
		{2F882CF6-02AA-49A3-93A6-C2E4543B19B2}.RelWithDebInfo|Win32.ActiveCfg = RelWithDebInfo|Win32
		{2F882CF6-02AA-49A3-93A6-C2E4543B19B2}.RelWithDebInfo|Win32.Build.0 = RelWithDebInfo|Win32
		{F07ED81D-4870-431A-BB44-A258A24F3D51}.Debug|Win32.ActiveCfg = Debug|Win32
		{F07ED81D-4870-431A-BB44-A258A24F3D51}.Release|Win32.ActiveCfg = Release|Win32
		{F07ED81D-4870-431A-BB44-A258A24F3D51}.MinSizeRel|Win32.ActiveCfg = MinSizeRel|Win32
		{F07ED81D-4870-431A-BB44-A258A24F3D51}.RelWithDebInfo|Win32.ActiveCfg = RelWithDebInfo|Win32
		{39F8B4C4-F8AC-4571-B9AB-0E2EC001AA2E}.Debug|Win32.ActiveCfg = Debug|Win32
		{39F8B4C4-F8AC-4571-B9AB-0E2EC001AA2E}.Debug|Win32.Build.0 = Debug|Win32
		{39F8B4C4-F8AC-4571-B9AB-0E2EC001AA2E}.Release|Win32.ActiveCfg = Release|Win32
		{39F8B4C4-F8AC-4571-B9AB-0E2EC001AA2E}.Release|Win32.Build.0 = Release|Win32
		{39F8B4C4-F8AC-4571-B9AB-0E2EC001AA2E}.MinSizeRel|Win32.ActiveCfg = MinSizeRel|Win32
		{39F8B4C4-F8AC-4571-B9AB-0E2EC001AA2E}.MinSizeRel|Win32.Build.0 = MinSizeRel|Win32
		{39F8B4C4-F8AC-4571-B9AB-0E2EC001AA2E}.RelWithDebInfo|Win32.ActiveCfg = RelWithDebInfo|Win32
		{39F8B4C4-F8AC-4571-B9AB-0E2EC001AA2E}.RelWithDebInfo|Win32.Build.0 = RelWithDebInfo|Win32
		{A6A9E1CC-CBEF-46D5-A487-64364BF12579}.Debug|Win32.ActiveCfg = Debug|Win32
		{A6A9E1CC-CBEF-46D5-A487-64364BF12579}.Debug|Win32.Build.0 = Debug|Win32
		{A6A9E1CC-CBEF-46D5-A487-64364BF12579}.Release|Win32.ActiveCfg = Release|Win32
		{A6A9E1CC-CBEF-46D5-A487-64364BF12579}.Release|Win32.Build.0 = Release|Win32
		{A6A9E1CC-CBEF-46D5-A487-64364BF12579}.MinSizeRel|Win32.ActiveCfg = MinSizeRel|Win32
		{A6A9E1CC-CBEF-46D5-A487-64364BF12579}.MinSizeRel|Win32.Build.0 = MinSizeRel|Win32
		{A6A9E1CC-CBEF-46D5-A487-64364BF12579}.RelWithDebInfo|Win32.ActiveCfg = RelWithDebInfo|Win32
		{A6A9E1CC-CBEF-46D5-A487-64364BF12579}.RelWithDebInfo|Win32.Build.0 = RelWithDebInfo|Win32
		{42E00143-20C1-41A9-AF0E-F7E2C5F91749}.Debug|Win32.ActiveCfg = Debug|Win32
		{42E00143-20C1-41A9-AF0E-F7E2C5F91749}.Debug|Win32.Build.0 = Debug|Win32
		{42E00143-20C1-41A9-AF0E-F7E2C5F91749}.Release|Win32.ActiveCfg = Release|Win32
		{42E00143-20C1-41A9-AF0E-F7E2C5F91749}.Release|Win32.Build.0 = Release|Win32
		{42E00143-20C1-41A9-AF0E-F7E2C5F91749}.MinSizeRel|Win32.ActiveCfg = MinSizeRel|Win32
		{42E00143-20C1-41A9-AF0E-F7E2C5F91749}.MinSizeRel|Win32.Build.0 = MinSizeRel|Win32
		{42E00143-20C1-41A9-AF0E-F7E2C5F91749}.RelWithDebInfo|Win32.ActiveCfg = RelWithDebInfo|Win32
		{42E00143-20C1-41A9-AF0E-F7E2C5F91749}.RelWithDebInfo|Win32.Build.0 = RelWithDebInfo|Win32
		{BB82E9C1-0569-4CB6-AC1A-E90BB09E0671}.Debug|Win32.ActiveCfg = Debug|Win32
		{BB82E9C1-0569-4CB6-AC1A-E90BB09E0671}.Debug|Win32.Build.0 = Debug|Win32
		{BB82E9C1-0569-4CB6-AC1A-E90BB09E0671}.Release|Win32.ActiveCfg = Release|Win32
		{BB82E9C1-0569-4CB6-AC1A-E90BB09E0671}.Release|Win32.Build.0 = Release|Win32
		{BB82E9C1-0569-4CB6-AC1A-E90BB09E0671}.MinSizeRel|Win32.ActiveCfg = MinSizeRel|Win32
		{BB82E9C1-0569-4CB6-AC1A-E90BB09E0671}.MinSizeRel|Win32.Build.0 = MinSizeRel|Win32
		{BB82E9C1-0569-4CB6-AC1A-E90BB09E0671}.RelWithDebInfo|Win32.ActiveCfg = RelWithDebInfo|Win32
		{BB82E9C1-0569-4CB6-AC1A-E90BB09E0671}.RelWithDebInfo|Win32.Build.0 = RelWithDebInfo|Win32
		{3ACEA264-4704-41D3-9BAA-05AD831268EC}.Debug|Win32.ActiveCfg = Debug|Win32
		{3ACEA264-4704-41D3-9BAA-05AD831268EC}.Debug|Win32.Build.0 = Debug|Win32
		{3ACEA264-4704-41D3-9BAA-05AD831268EC}.Release|Win32.ActiveCfg = Release|Win32
		{3ACEA264-4704-41D3-9BAA-05AD831268EC}.Release|Win32.Build.0 = Release|Win32
		{3ACEA264-4704-41D3-9BAA-05AD831268EC}.MinSizeRel|Win32.ActiveCfg = MinSizeRel|Win32
		{3ACEA264-4704-41D3-9BAA-05AD831268EC}.MinSizeRel|Win32.Build.0 = MinSizeRel|Win32
		{3ACEA264-4704-41D3-9BAA-05AD831268EC}.RelWithDebInfo|Win32.ActiveCfg = RelWithDebInfo|Win32
		{3ACEA264-4704-41D3-9BAA-05AD831268EC}.RelWithDebInfo|Win32.Build.0 = RelWithDebInfo|Win32
		{D2F68F63-5DBD-4149-95B7-B19321E0300C}.Debug|Win32.ActiveCfg = Debug|Win32
		{D2F68F63-5DBD-4149-95B7-B19321E0300C}.Debug|Win32.Build.0 = Debug|Win32
		{D2F68F63-5DBD-4149-95B7-B19321E0300C}.Release|Win32.ActiveCfg = Release|Win32
		{D2F68F63-5DBD-4149-95B7-B19321E0300C}.Release|Win32.Build.0 = Release|Win32
		{D2F68F63-5DBD-4149-95B7-B19321E0300C}.MinSizeRel|Win32.ActiveCfg = MinSizeRel|Win32
		{D2F68F63-5DBD-4149-95B7-B19321E0300C}.MinSizeRel|Win32.Build.0 = MinSizeRel|Win32
		{D2F68F63-5DBD-4149-95B7-B19321E0300C}.RelWithDebInfo|Win32.ActiveCfg = RelWithDebInfo|Win32
		{D2F68F63-5DBD-4149-95B7-B19321E0300C}.RelWithDebInfo|Win32.Build.0 = RelWithDebInfo|Win32
	EndGlobalSection
	GlobalSection(ExtensibilityGlobals) = postSolution
	EndGlobalSection
	GlobalSection(ExtensibilityAddIns) = postSolution
	EndGlobalSection
EndGlobal
