<?xml version="1.0" encoding="UTF-8"?>
<Project ToolsVersion="4.0" xmlns="http://schemas.microsoft.com/developer/msbuild/2003">
  <ItemGroup>
    <CustomBuild Include="..\CMakeFiles\11f56bd30ce16dc75016cb06fe6010d7\INSTALL_force.rule">
      <Filter>CMake Rules</Filter>
    </CustomBuild>
  </ItemGroup>
  <ItemGroup>
    <Filter Include="CMake Rules">
      <UniqueIdentifier>{FD8A630B-16D9-44F7-96F2-D4DFEDB4E907}</UniqueIdentifier>
    </Filter>
  </ItemGroup>
</Project>
